
Microsoft Visual Studio Solution File, Format Version 12.00
# Visual Studio Version 16
VisualStudioVersion = 16.0.30804.86
MinimumVisualStudioVersion = 10.0.40219.1
Project("{FAE04EC0-301F-11D3-BF4B-00C04F79EFBC}") = "KDU TTMS", "KDU TTMS.csproj", "{FB165826-5492-4878-B6E0-7CFED5653C37}"
EndProject
Global
	GlobalSection(SolutionConfigurationPlatforms) = preSolution
		Debug|Any CPU = Debug|Any CPU
		Release|Any CPU = Release|Any CPU
	EndGlobalSection
	GlobalSection(ProjectConfigurationPlatforms) = postSolution
		{FB165826-5492-4878-B6E0-7CFED5653C37}.Debug|Any CPU.ActiveCfg = Debug|Any CPU
		{FB165826-5492-4878-B6E0-7CFED5653C37}.Debug|Any CPU.Build.0 = Debug|Any CPU
		{FB165826-5492-4878-B6E0-7CFED5653C37}.Release|Any CPU.ActiveCfg = Release|Any CPU
		{FB165826-5492-4878-B6E0-7CFED5653C37}.Release|Any CPU.Build.0 = Release|Any CPU
	EndGlobalSection
	GlobalSection(SolutionProperties) = preSolution
		HideSolutionNode = FALSE
	EndGlobalSection
	GlobalSection(ExtensibilityGlobals) = postSolution
		SolutionGuid = {A643F5A5-798B-48F1-BA99-8103C97E95FC}
	EndGlobalSection
EndGlobal
